PODS:
  - DZNEmptyDataSet (1.8.1)
  - MJRefresh (3.5.0)
  - TCBaseTableVC (0.1.6):
    - DZNEmptyDataSet
    - MJRefresh

DEPENDENCIES:
  - TCBaseTableVC (from `../`)

SPEC REPOS:
  trunk:
    - DZNEmptyDataSet
    - MJRefresh

EXTERNAL SOURCES:
  TCBaseTableVC:
    :path: "../"

SPEC CHECKSUMS:
  DZNEmptyDataSet: 9525833b9e68ac21c30253e1d3d7076cc828eaa7
  MJRefresh: 6afc955813966afb08305477dd7a0d9ad5e79a16
  TCBaseTableVC: 531a13aff258b45605c64a799d71cc3245791c4f

PODFILE CHECKSUM: 024dea46ec9775846a9cc147e870cadf426f1323

COCOAPODS: 1.10.0
